
Microsoft Visual Studio Solution File, Format Version 12.00
# Visual Studio Version 16
VisualStudioVersion = 16.0.31702.278
MinimumVisualStudioVersion = 10.0.40219.1
Project("{9A19103F-16F7-4668-BE54-9A1E7A4F7556}") = "WebAPI", "WebAPI.csproj", "{BFF0C920-CE4A-4CAA-BE3D-44B639793AC2}"
EndProject
Project("{FAE04EC0-301F-11D3-BF4B-00C04F79EFBC}") = "ApiIntegrationTest", "..\ApiIntegrationTest\ApiIntegrationTest.csproj", "{549EFCFF-000C-4449-92F2-C0B0B6609438}"
EndProject
Global
	GlobalSection(SolutionConfigurationPlatforms) = preSolution
		Debug|Any CPU = Debug|Any CPU
		Release|Any CPU = Release|Any CPU
	EndGlobalSection
	GlobalSection(ProjectConfigurationPlatforms) = postSolution
		{BFF0C920-CE4A-4CAA-BE3D-44B639793AC2}.Debug|Any CPU.ActiveCfg = Debug|Any CPU
		{BFF0C920-CE4A-4CAA-BE3D-44B639793AC2}.Debug|Any CPU.Build.0 = Debug|Any CPU
		{BFF0C920-CE4A-4CAA-BE3D-44B639793AC2}.Release|Any CPU.ActiveCfg = Release|Any CPU
		{BFF0C920-CE4A-4CAA-BE3D-44B639793AC2}.Release|Any CPU.Build.0 = Release|Any CPU
		{549EFCFF-000C-4449-92F2-C0B0B6609438}.Debug|Any CPU.ActiveCfg = Debug|Any CPU
		{549EFCFF-000C-4449-92F2-C0B0B6609438}.Debug|Any CPU.Build.0 = Debug|Any CPU
		{549EFCFF-000C-4449-92F2-C0B0B6609438}.Release|Any CPU.ActiveCfg = Release|Any CPU
		{549EFCFF-000C-4449-92F2-C0B0B6609438}.Release|Any CPU.Build.0 = Release|Any CPU
	EndGlobalSection
	GlobalSection(SolutionProperties) = preSolution
		HideSolutionNode = FALSE
	EndGlobalSection
	GlobalSection(ExtensibilityGlobals) = postSolution
		SolutionGuid = {117407E9-42CC-4784-830B-509844FEDC68}
	EndGlobalSection
EndGlobal
